
Microsoft Visual Studio Solution File, Format Version 12.00
# Visual Studio Version 16
VisualStudioVersion = 16.0.35325.158
MinimumVisualStudioVersion = 10.0.40219.1
Project("{888888A0-9F3D-457C-B088-3A5042F75D52}") = "Telagram Parking-Bot", "Telagram Parking-Bot\Telagram Parking-Bot.pyproj", "{90EF9AED-6B34-4CF0-817B-534EBBC42CE7}"
EndProject
Global
	GlobalSection(SolutionConfigurationPlatforms) = preSolution
		Debug|Any CPU = Debug|Any CPU
		Release|Any CPU = Release|Any CPU
	EndGlobalSection
	GlobalSection(ProjectConfigurationPlatforms) = postSolution
		{90EF9AED-6B34-4CF0-817B-534EBBC42CE7}.Debug|Any CPU.ActiveCfg = Debug|Any CPU
		{90EF9AED-6B34-4CF0-817B-534EBBC42CE7}.Release|Any CPU.ActiveCfg = Release|Any CPU
	EndGlobalSection
	GlobalSection(SolutionProperties) = preSolution
		HideSolutionNode = FALSE
	EndGlobalSection
	GlobalSection(ExtensibilityGlobals) = postSolution
		SolutionGuid = {3D38D0FC-31D1-40E4-AA94-9808B1A0533B}
	EndGlobalSection
EndGlobal
